
Microsoft Visual Studio Solution File, Format Version 12.00
# Visual Studio Version 17
VisualStudioVersion = 17.9.34622.214
MinimumVisualStudioVersion = 10.0.40219.1
Project("{FAE04EC0-301F-11D3-BF4B-00C04F79EFBC}") = "movie-rating-backend", "movie-rating-backend.csproj", "{0D300ECA-19F6-426D-901E-F88CEBE06A65}"
EndProject
Global
	GlobalSection(SolutionConfigurationPlatforms) = preSolution
		Debug|Any CPU = Debug|Any CPU
		Release|Any CPU = Release|Any CPU
	EndGlobalSection
	GlobalSection(ProjectConfigurationPlatforms) = postSolution
		{0D300ECA-19F6-426D-901E-F88CEBE06A65}.Debug|Any CPU.ActiveCfg = Debug|Any CPU
		{0D300ECA-19F6-426D-901E-F88CEBE06A65}.Debug|Any CPU.Build.0 = Debug|Any CPU
		{0D300ECA-19F6-426D-901E-F88CEBE06A65}.Release|Any CPU.ActiveCfg = Release|Any CPU
		{0D300ECA-19F6-426D-901E-F88CEBE06A65}.Release|Any CPU.Build.0 = Release|Any CPU
	EndGlobalSection
	GlobalSection(SolutionProperties) = preSolution
		HideSolutionNode = FALSE
	EndGlobalSection
	GlobalSection(ExtensibilityGlobals) = postSolution
		SolutionGuid = {5E016802-2610-4CAF-B96E-EA178363DA32}
	EndGlobalSection
EndGlobal
